
Microsoft Visual Studio Solution File, Format Version 12.00
# Visual Studio Version 16
VisualStudioVersion = 16.0.30503.244
MinimumVisualStudioVersion = 10.0.40219.1
Project("{888888A0-9F3D-457C-B088-3A5042F75D52}") = "QuemPoupaTem", "QuemPoupaTem\QuemPoupaTem.pyproj", "{485B461D-FAD1-49E2-8C41-8552D260E2F2}"
EndProject
Global
	GlobalSection(SolutionConfigurationPlatforms) = preSolution
		Debug|Any CPU = Debug|Any CPU
		Release|Any CPU = Release|Any CPU
	EndGlobalSection
	GlobalSection(ProjectConfigurationPlatforms) = postSolution
		{485B461D-FAD1-49E2-8C41-8552D260E2F2}.Debug|Any CPU.ActiveCfg = Debug|Any CPU
		{485B461D-FAD1-49E2-8C41-8552D260E2F2}.Release|Any CPU.ActiveCfg = Release|Any CPU
	EndGlobalSection
	GlobalSection(SolutionProperties) = preSolution
		HideSolutionNode = FALSE
	EndGlobalSection
	GlobalSection(ExtensibilityGlobals) = postSolution
		SolutionGuid = {BFD36D65-C41D-4E38-B159-EED6DA07DDA9}
	EndGlobalSection
EndGlobal
